<?xml version="1.0" encoding="utf-8"?>
<Project ToolsVersion="4.0" xmlns="http://schemas.microsoft.com/developer/msbuild/2003">
  <ItemGroup>
    <Filter Include="src">
      <UniqueIdentifier>{bf182f10-9ad5-4a09-a242-f607ef36d0b7}</UniqueIdentifier>
    </Filter>
    <Filter Include="src\graphics">
      <UniqueIdentifier>{4802a9dc-7d53-4002-b658-e08d51e248e4}</UniqueIdentifier>
    </Filter>
    <Filter Include="src\graphics\gal">
      <UniqueIdentifier>{a082829d-089b-4aa3-bce5-6b7025db9d54}</UniqueIdentifier>
    </Filter>
    <Filter Include="src\utility">
      <UniqueIdentifier>{c9297f90-ad50-497d-980a-011f5487699d}</UniqueIdentifier>
    </Filter>
    <Filter Include="src\graphics\gal\dx12">
      <UniqueIdentifier>{a59fed5e-e677-4f75-b767-b492ff5f08eb}</UniqueIdentifier>
    </Filter>
    <Filter Include="src\graphics\gal\vulkan">
      <UniqueIdentifier>{8e7cfef8-8753-4140-ac3b-b1794edd085f}</UniqueIdentifier>
    </Filter>
    <Filter Include="src\input">
      <UniqueIdentifier>{584c91db-ae44-4ab6-8f5a-b26fd6f5ac81}</UniqueIdentifier>
    </Filter>
    <Filter Include="src\window">
      <UniqueIdentifier>{276fecd4-7181-4cba-acc1-b9a7806d5e30}</UniqueIdentifier>
    </Filter>
    <Filter Include="src\graphics\pass">
      <UniqueIdentifier>{e94689cc-c441-4f24-8295-4c70b7600bdc}</UniqueIdentifier>
    </Filter>
    <Filter Include="src\task">
      <UniqueIdentifier>{74268f91-4813-4eed-88b1-57555e76c66f}</UniqueIdentifier>
    </Filter>
    <Filter Include="src\asset">
      <UniqueIdentifier>{c5b73013-cc3f-41fa-b901-f31b2127a9cf}</UniqueIdentifier>
    </Filter>
    <Filter Include="src\graphics\imgui">
      <UniqueIdentifier>{7a56cc2f-1810-4e5e-becc-87dc916eacbe}</UniqueIdentifier>
    </Filter>
    <Filter Include="src\ecs">
      <UniqueIdentifier>{12545f50-0b48-47a8-9b9d-34b1304acbe5}</UniqueIdentifier>
    </Filter>
    <Filter Include="src\reflection">
      <UniqueIdentifier>{1f0d0d0d-9364-4098-aa6d-6593b69d20ef}</UniqueIdentifier>
    </Filter>
    <Filter Include="src\component">
      <UniqueIdentifier>{50398f6e-60a1-4109-a02a-c47d324d96ff}</UniqueIdentifier>
    </Filter>
  </ItemGroup>
  <ItemGroup>
    <ClInclude Include="src\Engine.h">
      <Filter>src</Filter>
    </ClInclude>
    <ClInclude Include="src\Log.h">
      <Filter>src</Filter>
    </ClInclude>
    <ClInclude Include="src\graphics\gal\FwdDecl.h">
      <Filter>src\graphics\gal</Filter>
    </ClInclude>
    <ClInclude Include="src\graphics\gal\GraphicsAbstractionLayer.h">
      <Filter>src\graphics\gal</Filter>
    </ClInclude>
    <ClInclude Include="src\graphics\gal\Initializers.h">
      <Filter>src\graphics\gal</Filter>
    </ClInclude>
    <ClInclude Include="src\utility\Enum.h">
      <Filter>src\utility</Filter>
    </ClInclude>
    <ClInclude Include="src\graphics\gal\dx12\CommandListDx12.h">
      <Filter>src\graphics\gal\dx12</Filter>
    </ClInclude>
    <ClInclude Include="src\graphics\gal\dx12\CommandListPoolDx12.h">
      <Filter>src\graphics\gal\dx12</Filter>
    </ClInclude>
    <ClInclude Include="src\graphics\gal\dx12\D3D12MemAlloc.h">
      <Filter>src\graphics\gal\dx12</Filter>
    </ClInclude>
    <ClInclude Include="src\graphics\gal\dx12\DescriptorSetDx12.h">
      <Filter>src\graphics\gal\dx12</Filter>
    </ClInclude>
    <ClInclude Include="src\graphics\gal\dx12\GraphicsDeviceDx12.h">
      <Filter>src\graphics\gal\dx12</Filter>
    </ClInclude>
    <ClInclude Include="src\graphics\gal\dx12\QueryPoolDx12.h">
      <Filter>src\graphics\gal\dx12</Filter>
    </ClInclude>
    <ClInclude Include="src\graphics\gal\dx12\QueueDx12.h">
      <Filter>src\graphics\gal\dx12</Filter>
    </ClInclude>
    <ClInclude Include="src\graphics\gal\dx12\ResourceDx12.h">
      <Filter>src\graphics\gal\dx12</Filter>
    </ClInclude>
    <ClInclude Include="src\graphics\gal\dx12\SemaphoreDx12.h">
      <Filter>src\graphics\gal\dx12</Filter>
    </ClInclude>
    <ClInclude Include="src\graphics\gal\dx12\SwapChainDx12.h">
      <Filter>src\graphics\gal\dx12</Filter>
    </ClInclude>
    <ClInclude Include="src\graphics\gal\dx12\UtilityDx12.h">
      <Filter>src\graphics\gal\dx12</Filter>
    </ClInclude>
    <ClInclude Include="src\graphics\gal\vulkan\CommandListPoolVk.h">
      <Filter>src\graphics\gal\vulkan</Filter>
    </ClInclude>
    <ClInclude Include="src\graphics\gal\vulkan\CommandListVk.h">
      <Filter>src\graphics\gal\vulkan</Filter>
    </ClInclude>
    <ClInclude Include="src\graphics\gal\vulkan\DescriptorSetVk.h">
      <Filter>src\graphics\gal\vulkan</Filter>
    </ClInclude>
    <ClInclude Include="src\graphics\gal\vulkan\FramebufferCacheVk.h">
      <Filter>src\graphics\gal\vulkan</Filter>
    </ClInclude>
    <ClInclude Include="src\graphics\gal\vulkan\FramebufferDescriptionVk.h">
      <Filter>src\graphics\gal\vulkan</Filter>
    </ClInclude>
    <ClInclude Include="src\graphics\gal\vulkan\GraphicsDeviceVk.h">
      <Filter>src\graphics\gal\vulkan</Filter>
    </ClInclude>
    <ClInclude Include="src\graphics\gal\vulkan\MemoryAllocatorVk.h">
      <Filter>src\graphics\gal\vulkan</Filter>
    </ClInclude>
    <ClInclude Include="src\graphics\gal\vulkan\QueryPoolVk.h">
      <Filter>src\graphics\gal\vulkan</Filter>
    </ClInclude>
    <ClInclude Include="src\graphics\gal\vulkan\QueueVk.h">
      <Filter>src\graphics\gal\vulkan</Filter>
    </ClInclude>
    <ClInclude Include="src\graphics\gal\vulkan\RenderPassCacheVk.h">
      <Filter>src\graphics\gal\vulkan</Filter>
    </ClInclude>
    <ClInclude Include="src\graphics\gal\vulkan\RenderPassDescriptionVk.h">
      <Filter>src\graphics\gal\vulkan</Filter>
    </ClInclude>
    <ClInclude Include="src\graphics\gal\vulkan\ResourceVk.h">
      <Filter>src\graphics\gal\vulkan</Filter>
    </ClInclude>
    <ClInclude Include="src\graphics\gal\vulkan\SemaphoreVk.h">
      <Filter>src\graphics\gal\vulkan</Filter>
    </ClInclude>
    <ClInclude Include="src\graphics\gal\vulkan\SwapChainVk.h">
      <Filter>src\graphics\gal\vulkan</Filter>
    </ClInclude>
    <ClInclude Include="src\graphics\gal\vulkan\UtilityVk.h">
      <Filter>src\graphics\gal\vulkan</Filter>
    </ClInclude>
    <ClInclude Include="src\graphics\gal\vulkan\volk.h">
      <Filter>src\graphics\gal\vulkan</Filter>
    </ClInclude>
    <ClInclude Include="src\utility\ObjectPool.h">
      <Filter>src\utility</Filter>
    </ClInclude>
    <ClInclude Include="src\utility\TLSFAllocator.h">
      <Filter>src\utility</Filter>
    </ClInclude>
    <ClInclude Include="src\utility\Utility.h">
      <Filter>src\utility</Filter>
    </ClInclude>
    <ClInclude Include="src\graphics\gal\dx12\PipelineDx12.h">
      <Filter>src\graphics\gal\dx12</Filter>
    </ClInclude>
    <ClInclude Include="src\graphics\gal\vulkan\PipelineVk.h">
      <Filter>src\graphics\gal\vulkan</Filter>
    </ClInclude>
    <ClInclude Include="src\utility\ContainerUtility.h">
      <Filter>src\utility</Filter>
    </ClInclude>
    <ClInclude Include="src\input\IInputListener.h">
      <Filter>src\input</Filter>
    </ClInclude>
    <ClInclude Include="src\input\InputTokens.h">
      <Filter>src\input</Filter>
    </ClInclude>
    <ClInclude Include="src\input\UserInput.h">
      <Filter>src\input</Filter>
    </ClInclude>
    <ClInclude Include="src\window\Window.h">
      <Filter>src\window</Filter>
    </ClInclude>
    <ClInclude Include="src\graphics\Renderer.h">
      <Filter>src\graphics</Filter>
    </ClInclude>
    <ClInclude Include="src\graphics\RenderView.h">
      <Filter>src\graphics</Filter>
    </ClInclude>
    <ClInclude Include="src\graphics\RenderViewResources.h">
      <Filter>src\graphics</Filter>
    </ClInclude>
    <ClInclude Include="src\graphics\pass\GridPass.h">
      <Filter>src\graphics\pass</Filter>
    </ClInclude>
    <ClInclude Include="src\graphics\BufferStackAllocator.h">
      <Filter>src\graphics</Filter>
    </ClInclude>
    <ClInclude Include="src\task\Fiber.h">
      <Filter>src\task</Filter>
    </ClInclude>
    <ClInclude Include="src\task\Task.h">
      <Filter>src\task</Filter>
    </ClInclude>
    <ClInclude Include="src\utility\PoolAllocator.h">
      <Filter>src\utility</Filter>
    </ClInclude>
    <ClInclude Include="src\utility\LinearAllocator.h">
      <Filter>src\utility</Filter>
    </ClInclude>
    <ClInclude Include="src\utility\SpinLock.h">
      <Filter>src\utility</Filter>
    </ClInclude>
    <ClInclude Include="src\asset\AssetManager.h">
      <Filter>src\asset</Filter>
    </ClInclude>
    <ClInclude Include="src\asset\Asset.h">
      <Filter>src\asset</Filter>
    </ClInclude>
    <ClInclude Include="src\UUID.h">
      <Filter>src</Filter>
    </ClInclude>
    <ClInclude Include="src\asset\AssetHandler.h">
      <Filter>src\asset</Filter>
    </ClInclude>
    <ClInclude Include="src\graphics\ResourceViewRegistry.h">
      <Filter>src\graphics</Filter>
    </ClInclude>
    <ClInclude Include="src\graphics\ViewHandles.h">
      <Filter>src\graphics</Filter>
    </ClInclude>
    <ClInclude Include="src\utility\HandleManager.h">
      <Filter>src\utility</Filter>
    </ClInclude>
    <ClInclude Include="src\graphics\imgui\imconfig.h">
      <Filter>src\graphics\imgui</Filter>
    </ClInclude>
    <ClInclude Include="src\graphics\imgui\imgui.h">
      <Filter>src\graphics\imgui</Filter>
    </ClInclude>
    <ClInclude Include="src\graphics\imgui\imgui_internal.h">
      <Filter>src\graphics\imgui</Filter>
    </ClInclude>
    <ClInclude Include="src\graphics\imgui\imstb_rectpack.h">
      <Filter>src\graphics\imgui</Filter>
    </ClInclude>
    <ClInclude Include="src\graphics\imgui\imstb_textedit.h">
      <Filter>src\graphics\imgui</Filter>
    </ClInclude>
    <ClInclude Include="src\graphics\imgui\imstb_truetype.h">
      <Filter>src\graphics\imgui</Filter>
    </ClInclude>
    <ClInclude Include="src\input\ImGuiInputAdapter.h">
      <Filter>src\input</Filter>
    </ClInclude>
    <ClInclude Include="src\utility\Timer.h">
      <Filter>src\utility</Filter>
    </ClInclude>
    <ClInclude Include="src\graphics\pass\ImGuiPass.h">
      <Filter>src\graphics\pass</Filter>
    </ClInclude>
    <ClInclude Include="src\graphics\RendererResources.h">
      <Filter>src\graphics</Filter>
    </ClInclude>
    <ClInclude Include="src\graphics\TextureLoader.h">
      <Filter>src\graphics</Filter>
    </ClInclude>
    <ClInclude Include="src\Handles.h">
      <Filter>src</Filter>
    </ClInclude>
    <ClInclude Include="src\graphics\TextureManager.h">
      <Filter>src\graphics</Filter>
    </ClInclude>
    <ClInclude Include="src\asset\TextureAsset.h">
      <Filter>src\asset</Filter>
    </ClInclude>
    <ClInclude Include="src\asset\TextureAssetHandler.h">
      <Filter>src\asset</Filter>
    </ClInclude>
    <ClInclude Include="src\utility\StringID.h">
      <Filter>src\utility</Filter>
    </ClInclude>
    <ClInclude Include="src\ecs\ECS.h">
      <Filter>src\ecs</Filter>
    </ClInclude>
    <ClInclude Include="src\reflection\Reflection.h">
      <Filter>src\reflection</Filter>
    </ClInclude>
    <ClInclude Include="src\reflection\TypeInfo.h">
      <Filter>src\reflection</Filter>
    </ClInclude>
    <ClInclude Include="src\ecs\ECSTypeIDTranslator.h">
      <Filter>src\ecs</Filter>
    </ClInclude>
    <ClInclude Include="src\IGameLogic.h">
      <Filter>src</Filter>
    </ClInclude>
    <ClInclude Include="src\component\TransformComponent.h">
      <Filter>src\component</Filter>
    </ClInclude>
    <ClInclude Include="src\component\CameraComponent.h">
      <Filter>src\component</Filter>
    </ClInclude>
    <ClInclude Include="src\component\LightComponent.h">
      <Filter>src\component</Filter>
    </ClInclude>
    <ClInclude Include="src\graphics\Camera.h">
      <Filter>src\graphics</Filter>
    </ClInclude>
    <ClInclude Include="src\input\FPSCameraController.h">
      <Filter>src\input</Filter>
    </ClInclude>
  </ItemGroup>
  <ItemGroup>
    <ClCompile Include="src\Engine.cpp">
      <Filter>src</Filter>
    </ClCompile>
    <ClCompile Include="src\Log.cpp">
      <Filter>src</Filter>
    </ClCompile>
    <ClCompile Include="src\graphics\gal\GraphicsAbstractionLayer.cpp">
      <Filter>src\graphics\gal</Filter>
    </ClCompile>
    <ClCompile Include="src\graphics\gal\Initializers.cpp">
      <Filter>src\graphics\gal</Filter>
    </ClCompile>
    <ClCompile Include="src\graphics\gal\dx12\CommandListDx12.cpp">
      <Filter>src\graphics\gal\dx12</Filter>
    </ClCompile>
    <ClCompile Include="src\graphics\gal\dx12\CommandListPoolDx12.cpp">
      <Filter>src\graphics\gal\dx12</Filter>
    </ClCompile>
    <ClCompile Include="src\graphics\gal\dx12\D3D12MemAlloc.cpp">
      <Filter>src\graphics\gal\dx12</Filter>
    </ClCompile>
    <ClCompile Include="src\graphics\gal\dx12\DescriptorSetDx12.cpp">
      <Filter>src\graphics\gal\dx12</Filter>
    </ClCompile>
    <ClCompile Include="src\graphics\gal\dx12\GraphicsDeviceDx12.cpp">
      <Filter>src\graphics\gal\dx12</Filter>
    </ClCompile>
    <ClCompile Include="src\graphics\gal\dx12\QueryPoolDx12.cpp">
      <Filter>src\graphics\gal\dx12</Filter>
    </ClCompile>
    <ClCompile Include="src\graphics\gal\dx12\QueueDx12.cpp">
      <Filter>src\graphics\gal\dx12</Filter>
    </ClCompile>
    <ClCompile Include="src\graphics\gal\dx12\ResourceDx12.cpp">
      <Filter>src\graphics\gal\dx12</Filter>
    </ClCompile>
    <ClCompile Include="src\graphics\gal\dx12\SemaphoreDx12.cpp">
      <Filter>src\graphics\gal\dx12</Filter>
    </ClCompile>
    <ClCompile Include="src\graphics\gal\dx12\SwapChainDx12.cpp">
      <Filter>src\graphics\gal\dx12</Filter>
    </ClCompile>
    <ClCompile Include="src\graphics\gal\dx12\UtilityDx12.cpp">
      <Filter>src\graphics\gal\dx12</Filter>
    </ClCompile>
    <ClCompile Include="src\graphics\gal\vulkan\CommandListPoolVk.cpp">
      <Filter>src\graphics\gal\vulkan</Filter>
    </ClCompile>
    <ClCompile Include="src\graphics\gal\vulkan\CommandListVk.cpp">
      <Filter>src\graphics\gal\vulkan</Filter>
    </ClCompile>
    <ClCompile Include="src\graphics\gal\vulkan\DescriptorSetVk.cpp">
      <Filter>src\graphics\gal\vulkan</Filter>
    </ClCompile>
    <ClCompile Include="src\graphics\gal\vulkan\FramebufferCacheVk.cpp">
      <Filter>src\graphics\gal\vulkan</Filter>
    </ClCompile>
    <ClCompile Include="src\graphics\gal\vulkan\GraphicsDeviceVk.cpp">
      <Filter>src\graphics\gal\vulkan</Filter>
    </ClCompile>
    <ClCompile Include="src\graphics\gal\vulkan\MemoryAllocatorVk.cpp">
      <Filter>src\graphics\gal\vulkan</Filter>
    </ClCompile>
    <ClCompile Include="src\graphics\gal\vulkan\QueryPoolVk.cpp">
      <Filter>src\graphics\gal\vulkan</Filter>
    </ClCompile>
    <ClCompile Include="src\graphics\gal\vulkan\QueueVk.cpp">
      <Filter>src\graphics\gal\vulkan</Filter>
    </ClCompile>
    <ClCompile Include="src\graphics\gal\vulkan\RenderPassCacheVk.cpp">
      <Filter>src\graphics\gal\vulkan</Filter>
    </ClCompile>
    <ClCompile Include="src\graphics\gal\vulkan\ResourceVk.cpp">
      <Filter>src\graphics\gal\vulkan</Filter>
    </ClCompile>
    <ClCompile Include="src\graphics\gal\vulkan\SemaphoreVk.cpp">
      <Filter>src\graphics\gal\vulkan</Filter>
    </ClCompile>
    <ClCompile Include="src\graphics\gal\vulkan\SwapChainVk.cpp">
      <Filter>src\graphics\gal\vulkan</Filter>
    </ClCompile>
    <ClCompile Include="src\graphics\gal\vulkan\UtilityVk.cpp">
      <Filter>src\graphics\gal\vulkan</Filter>
    </ClCompile>
    <ClCompile Include="src\graphics\gal\vulkan\volk.c">
      <Filter>src\graphics\gal\vulkan</Filter>
    </ClCompile>
    <ClCompile Include="src\utility\TLSFAllocator.cpp">
      <Filter>src\utility</Filter>
    </ClCompile>
    <ClCompile Include="src\utility\Utility.cpp">
      <Filter>src\utility</Filter>
    </ClCompile>
    <ClCompile Include="src\graphics\gal\dx12\PipelineDx12.cpp">
      <Filter>src\graphics\gal\dx12</Filter>
    </ClCompile>
    <ClCompile Include="src\graphics\gal\vulkan\PipelineVk.cpp">
      <Filter>src\graphics\gal\vulkan</Filter>
    </ClCompile>
    <ClCompile Include="src\input\UserInput.cpp">
      <Filter>src\input</Filter>
    </ClCompile>
    <ClCompile Include="src\window\Window.cpp">
      <Filter>src\window</Filter>
    </ClCompile>
    <ClCompile Include="src\graphics\Renderer.cpp">
      <Filter>src\graphics</Filter>
    </ClCompile>
    <ClCompile Include="src\graphics\RenderView.cpp">
      <Filter>src\graphics</Filter>
    </ClCompile>
    <ClCompile Include="src\graphics\RenderViewResources.cpp">
      <Filter>src\graphics</Filter>
    </ClCompile>
    <ClCompile Include="src\graphics\pass\GridPass.cpp">
      <Filter>src\graphics\pass</Filter>
    </ClCompile>
    <ClCompile Include="src\graphics\BufferStackAllocator.cpp">
      <Filter>src\graphics</Filter>
    </ClCompile>
    <ClCompile Include="src\task\Fiber.cpp">
      <Filter>src\task</Filter>
    </ClCompile>
    <ClCompile Include="src\task\Task.cpp">
      <Filter>src\task</Filter>
    </ClCompile>
    <ClCompile Include="src\utility\PoolAllocator.cpp">
      <Filter>src\utility</Filter>
    </ClCompile>
    <ClCompile Include="src\utility\LinearAllocator.cpp">
      <Filter>src\utility</Filter>
    </ClCompile>
    <ClCompile Include="src\utility\SpinLock.cpp">
      <Filter>src\utility</Filter>
    </ClCompile>
    <ClCompile Include="src\asset\AssetManager.cpp">
      <Filter>src\asset</Filter>
    </ClCompile>
    <ClCompile Include="src\asset\Asset.cpp">
      <Filter>src\asset</Filter>
    </ClCompile>
    <ClCompile Include="src\UUID.cpp">
      <Filter>src</Filter>
    </ClCompile>
    <ClCompile Include="src\asset\AssetHandler.cpp">
      <Filter>src\asset</Filter>
    </ClCompile>
    <ClCompile Include="src\graphics\ResourceViewRegistry.cpp">
      <Filter>src\graphics</Filter>
    </ClCompile>
    <ClCompile Include="src\utility\HandleManager.cpp">
      <Filter>src\utility</Filter>
    </ClCompile>
    <ClCompile Include="src\graphics\imgui\imgui.cpp">
      <Filter>src\graphics\imgui</Filter>
    </ClCompile>
    <ClCompile Include="src\graphics\imgui\imgui_demo.cpp">
      <Filter>src\graphics\imgui</Filter>
    </ClCompile>
    <ClCompile Include="src\graphics\imgui\imgui_draw.cpp">
      <Filter>src\graphics\imgui</Filter>
    </ClCompile>
    <ClCompile Include="src\graphics\imgui\imgui_tables.cpp">
      <Filter>src\graphics\imgui</Filter>
    </ClCompile>
    <ClCompile Include="src\graphics\imgui\imgui_widgets.cpp">
      <Filter>src\graphics\imgui</Filter>
    </ClCompile>
    <ClCompile Include="src\input\ImGuiInputAdapter.cpp">
      <Filter>src\input</Filter>
    </ClCompile>
    <ClCompile Include="src\utility\Timer.cpp">
      <Filter>src\utility</Filter>
    </ClCompile>
    <ClCompile Include="src\graphics\pass\ImGuiPass.cpp">
      <Filter>src\graphics\pass</Filter>
    </ClCompile>
    <ClCompile Include="src\graphics\RendererResources.cpp">
      <Filter>src\graphics</Filter>
    </ClCompile>
    <ClCompile Include="src\graphics\TextureLoader.cpp">
      <Filter>src\graphics</Filter>
    </ClCompile>
    <ClCompile Include="src\graphics\TextureManager.cpp">
      <Filter>src\graphics</Filter>
    </ClCompile>
    <ClCompile Include="src\asset\TextureAsset.cpp">
      <Filter>src\asset</Filter>
    </ClCompile>
    <ClCompile Include="src\asset\TextureAssetHandler.cpp">
      <Filter>src\asset</Filter>
    </ClCompile>
    <ClCompile Include="src\utility\StringID.cpp">
      <Filter>src\utility</Filter>
    </ClCompile>
    <ClCompile Include="src\ecs\ECS.cpp">
      <Filter>src\ecs</Filter>
    </ClCompile>
    <ClCompile Include="src\ecs\ECSTypeIDTranslator.cpp">
      <Filter>src\ecs</Filter>
    </ClCompile>
    <ClCompile Include="src\component\TransformComponent.cpp">
      <Filter>src\component</Filter>
    </ClCompile>
    <ClCompile Include="src\component\CameraComponent.cpp">
      <Filter>src\component</Filter>
    </ClCompile>
    <ClCompile Include="src\component\LightComponent.cpp">
      <Filter>src\component</Filter>
    </ClCompile>
    <ClCompile Include="src\reflection\Reflection.cpp">
      <Filter>src\reflection</Filter>
    </ClCompile>
    <ClCompile Include="src\graphics\Camera.cpp">
      <Filter>src\graphics</Filter>
    </ClCompile>
    <ClCompile Include="src\input\FPSCameraController.cpp">
      <Filter>src\input</Filter>
    </ClCompile>
  </ItemGroup>
  <ItemGroup>
    <Natvis Include="..\libs\EASTL.natvis" />
  </ItemGroup>
  <ItemGroup>
    <None Include="src\reflection\Reflection.inl">
      <Filter>src\reflection</Filter>
    </None>
  </ItemGroup>
</Project>