
Microsoft Visual Studio Solution File, Format Version 12.00
# Visual Studio Version 16
VisualStudioVersion = 16.0.30907.101
MinimumVisualStudioVersion = 10.0.40219.1
Project("{8BC9CEB8-8B4A-11D0-8D11-00A0C91BC942}") = "VEngine2", "VEngine2\VEngine2.vcxproj", "{D205E9BB-48EE-4F3E-8CDA-BEEFAFCD8BAF}"
EndProject
Project("{8BC9CEB8-8B4A-11D0-8D11-00A0C91BC942}") = "VEngineTests", "VEngineTests\VEngineTests.vcxproj", "{08BC2D72-9F29-45E9-9F3F-AD10A7C48ED2}"
EndProject
Project("{8BC9CEB8-8B4A-11D0-8D11-00A0C91BC942}") = "Game", "Game\Game.vcxproj", "{0513A0FB-688C-4F06-B558-2D0D3496B4CE}"
	ProjectSection(ProjectDependencies) = postProject
		{D205E9BB-48EE-4F3E-8CDA-BEEFAFCD8BAF} = {D205E9BB-48EE-4F3E-8CDA-BEEFAFCD8BAF}
	EndProjectSection
EndProject
Project("{8BC9CEB8-8B4A-11D0-8D11-00A0C91BC942}") = "Editor", "Editor\Editor.vcxproj", "{8AD0D302-DBBB-454F-8F0F-59A8E199E980}"
EndProject
Global
	GlobalSection(SolutionConfigurationPlatforms) = preSolution
		Debug|x64 = Debug|x64
		Debug|x86 = Debug|x86
		Profile|x64 = Profile|x64
		Profile|x86 = Profile|x86
		Release|x64 = Release|x64
		Release|x86 = Release|x86
	EndGlobalSection
	GlobalSection(ProjectConfigurationPlatforms) = postSolution
		{D205E9BB-48EE-4F3E-8CDA-BEEFAFCD8BAF}.Debug|x64.ActiveCfg = Debug|x64
		{D205E9BB-48EE-4F3E-8CDA-BEEFAFCD8BAF}.Debug|x64.Build.0 = Debug|x64
		{D205E9BB-48EE-4F3E-8CDA-BEEFAFCD8BAF}.Debug|x86.ActiveCfg = Debug|Win32
		{D205E9BB-48EE-4F3E-8CDA-BEEFAFCD8BAF}.Debug|x86.Build.0 = Debug|Win32
		{D205E9BB-48EE-4F3E-8CDA-BEEFAFCD8BAF}.Profile|x64.ActiveCfg = Profile|x64
		{D205E9BB-48EE-4F3E-8CDA-BEEFAFCD8BAF}.Profile|x64.Build.0 = Profile|x64
		{D205E9BB-48EE-4F3E-8CDA-BEEFAFCD8BAF}.Profile|x86.ActiveCfg = Profile|Win32
		{D205E9BB-48EE-4F3E-8CDA-BEEFAFCD8BAF}.Profile|x86.Build.0 = Profile|Win32
		{D205E9BB-48EE-4F3E-8CDA-BEEFAFCD8BAF}.Release|x64.ActiveCfg = Release|x64
		{D205E9BB-48EE-4F3E-8CDA-BEEFAFCD8BAF}.Release|x64.Build.0 = Release|x64
		{D205E9BB-48EE-4F3E-8CDA-BEEFAFCD8BAF}.Release|x86.ActiveCfg = Release|Win32
		{D205E9BB-48EE-4F3E-8CDA-BEEFAFCD8BAF}.Release|x86.Build.0 = Release|Win32
		{08BC2D72-9F29-45E9-9F3F-AD10A7C48ED2}.Debug|x64.ActiveCfg = Debug|x64
		{08BC2D72-9F29-45E9-9F3F-AD10A7C48ED2}.Debug|x64.Build.0 = Debug|x64
		{08BC2D72-9F29-45E9-9F3F-AD10A7C48ED2}.Debug|x86.ActiveCfg = Debug|Win32
		{08BC2D72-9F29-45E9-9F3F-AD10A7C48ED2}.Debug|x86.Build.0 = Debug|Win32
		{08BC2D72-9F29-45E9-9F3F-AD10A7C48ED2}.Profile|x64.ActiveCfg = Profile|x64
		{08BC2D72-9F29-45E9-9F3F-AD10A7C48ED2}.Profile|x64.Build.0 = Profile|x64
		{08BC2D72-9F29-45E9-9F3F-AD10A7C48ED2}.Profile|x86.ActiveCfg = Profile|Win32
		{08BC2D72-9F29-45E9-9F3F-AD10A7C48ED2}.Profile|x86.Build.0 = Profile|Win32
		{08BC2D72-9F29-45E9-9F3F-AD10A7C48ED2}.Release|x64.ActiveCfg = Release|x64
		{08BC2D72-9F29-45E9-9F3F-AD10A7C48ED2}.Release|x64.Build.0 = Release|x64
		{08BC2D72-9F29-45E9-9F3F-AD10A7C48ED2}.Release|x86.ActiveCfg = Release|Win32
		{08BC2D72-9F29-45E9-9F3F-AD10A7C48ED2}.Release|x86.Build.0 = Release|Win32
		{0513A0FB-688C-4F06-B558-2D0D3496B4CE}.Debug|x64.ActiveCfg = Debug|x64
		{0513A0FB-688C-4F06-B558-2D0D3496B4CE}.Debug|x64.Build.0 = Debug|x64
		{0513A0FB-688C-4F06-B558-2D0D3496B4CE}.Debug|x86.ActiveCfg = Debug|Win32
		{0513A0FB-688C-4F06-B558-2D0D3496B4CE}.Debug|x86.Build.0 = Debug|Win32
		{0513A0FB-688C-4F06-B558-2D0D3496B4CE}.Profile|x64.ActiveCfg = Profile|x64
		{0513A0FB-688C-4F06-B558-2D0D3496B4CE}.Profile|x64.Build.0 = Profile|x64
		{0513A0FB-688C-4F06-B558-2D0D3496B4CE}.Profile|x86.ActiveCfg = Profile|Win32
		{0513A0FB-688C-4F06-B558-2D0D3496B4CE}.Profile|x86.Build.0 = Profile|Win32
		{0513A0FB-688C-4F06-B558-2D0D3496B4CE}.Release|x64.ActiveCfg = Release|x64
		{0513A0FB-688C-4F06-B558-2D0D3496B4CE}.Release|x64.Build.0 = Release|x64
		{0513A0FB-688C-4F06-B558-2D0D3496B4CE}.Release|x86.ActiveCfg = Release|Win32
		{0513A0FB-688C-4F06-B558-2D0D3496B4CE}.Release|x86.Build.0 = Release|Win32
		{8AD0D302-DBBB-454F-8F0F-59A8E199E980}.Debug|x64.ActiveCfg = Debug|x64
		{8AD0D302-DBBB-454F-8F0F-59A8E199E980}.Debug|x64.Build.0 = Debug|x64
		{8AD0D302-DBBB-454F-8F0F-59A8E199E980}.Debug|x86.ActiveCfg = Debug|Win32
		{8AD0D302-DBBB-454F-8F0F-59A8E199E980}.Debug|x86.Build.0 = Debug|Win32
		{8AD0D302-DBBB-454F-8F0F-59A8E199E980}.Profile|x64.ActiveCfg = Profile|x64
		{8AD0D302-DBBB-454F-8F0F-59A8E199E980}.Profile|x64.Build.0 = Profile|x64
		{8AD0D302-DBBB-454F-8F0F-59A8E199E980}.Profile|x86.ActiveCfg = Profile|Win32
		{8AD0D302-DBBB-454F-8F0F-59A8E199E980}.Profile|x86.Build.0 = Profile|Win32
		{8AD0D302-DBBB-454F-8F0F-59A8E199E980}.Release|x64.ActiveCfg = Release|x64
		{8AD0D302-DBBB-454F-8F0F-59A8E199E980}.Release|x64.Build.0 = Release|x64
		{8AD0D302-DBBB-454F-8F0F-59A8E199E980}.Release|x86.ActiveCfg = Release|Win32
		{8AD0D302-DBBB-454F-8F0F-59A8E199E980}.Release|x86.Build.0 = Release|Win32
	EndGlobalSection
	GlobalSection(SolutionProperties) = preSolution
		HideSolutionNode = FALSE
	EndGlobalSection
	GlobalSection(ExtensibilityGlobals) = postSolution
		SolutionGuid = {AF175F73-AB8E-4EF0-82B3-998E0D59E294}
	EndGlobalSection
EndGlobal
