<?xml version="1.0" encoding="utf-8"?>
<Project ToolsVersion="4.0" xmlns="http://schemas.microsoft.com/developer/msbuild/2003">
  <ItemGroup>
    <Filter Include="src">
      <UniqueIdentifier>{8b0443d1-c7a0-4552-a8f4-70f22114d8a5}</UniqueIdentifier>
    </Filter>
    <Filter Include="src\importer">
      <UniqueIdentifier>{900db8ab-a35b-4f11-865e-22977e5e0b81}</UniqueIdentifier>
    </Filter>
    <Filter Include="src\importer\loader">
      <UniqueIdentifier>{2de17aca-d644-4990-9732-a13e09c43b02}</UniqueIdentifier>
    </Filter>
    <Filter Include="src\importer\meshoptimizer">
      <UniqueIdentifier>{cd24993d-f21d-49f6-b1e0-d82632956ccb}</UniqueIdentifier>
    </Filter>
  </ItemGroup>
  <ItemGroup>
    <ClInclude Include="src\Editor.h">
      <Filter>src</Filter>
    </ClInclude>
    <ClInclude Include="src\InspectorWindow.h">
      <Filter>src</Filter>
    </ClInclude>
    <ClInclude Include="src\ViewportWindow.h">
      <Filter>src</Filter>
    </ClInclude>
    <ClInclude Include="src\AssetBrowserWindow.h">
      <Filter>src</Filter>
    </ClInclude>
    <ClInclude Include="src\SceneGraphWindow.h">
      <Filter>src</Filter>
    </ClInclude>
    <ClInclude Include="src\importer\AssetImporter.h">
      <Filter>src\importer</Filter>
    </ClInclude>
    <ClInclude Include="src\importer\loader\GLTFLoader.h">
      <Filter>src\importer\loader</Filter>
    </ClInclude>
    <ClInclude Include="src\importer\loader\WavefrontOBJLoader.h">
      <Filter>src\importer\loader</Filter>
    </ClInclude>
    <ClInclude Include="src\importer\loader\LoadedModel.h">
      <Filter>src\importer\loader</Filter>
    </ClInclude>
    <ClInclude Include="src\importer\SkeletonImporter.h">
      <Filter>src\importer</Filter>
    </ClInclude>
    <ClInclude Include="src\importer\AnimationClipImporter.h">
      <Filter>src\importer</Filter>
    </ClInclude>
    <ClInclude Include="src\importer\MeshImporter.h">
      <Filter>src\importer</Filter>
    </ClInclude>
    <ClInclude Include="src\importer\meshoptimizer\meshoptimizer.h">
      <Filter>src\importer\meshoptimizer</Filter>
    </ClInclude>
    <ClInclude Include="src\importer\mikktspace.h">
      <Filter>src\importer</Filter>
    </ClInclude>
    <ClInclude Include="src\AnimationGraphWindow.h">
      <Filter>src</Filter>
    </ClInclude>
    <ClInclude Include="src\importer\MaterialImporter.h">
      <Filter>src\importer</Filter>
    </ClInclude>
  </ItemGroup>
  <ItemGroup>
    <ClCompile Include="src\Editor.cpp">
      <Filter>src</Filter>
    </ClCompile>
    <ClCompile Include="src\InspectorWindow.cpp">
      <Filter>src</Filter>
    </ClCompile>
    <ClCompile Include="src\ViewportWindow.cpp">
      <Filter>src</Filter>
    </ClCompile>
    <ClCompile Include="src\AssetBrowserWindow.cpp">
      <Filter>src</Filter>
    </ClCompile>
    <ClCompile Include="src\SceneGraphWindow.cpp">
      <Filter>src</Filter>
    </ClCompile>
    <ClCompile Include="src\importer\AssetImporter.cpp">
      <Filter>src\importer</Filter>
    </ClCompile>
    <ClCompile Include="src\importer\loader\GLTFLoader.cpp">
      <Filter>src\importer\loader</Filter>
    </ClCompile>
    <ClCompile Include="src\importer\loader\WavefrontOBJLoader.cpp">
      <Filter>src\importer\loader</Filter>
    </ClCompile>
    <ClCompile Include="src\importer\SkeletonImporter.cpp">
      <Filter>src\importer</Filter>
    </ClCompile>
    <ClCompile Include="src\importer\AnimationClipImporter.cpp">
      <Filter>src\importer</Filter>
    </ClCompile>
    <ClCompile Include="src\importer\MeshImporter.cpp">
      <Filter>src\importer</Filter>
    </ClCompile>
    <ClCompile Include="src\importer\meshoptimizer\allocator.cpp">
      <Filter>src\importer\meshoptimizer</Filter>
    </ClCompile>
    <ClCompile Include="src\importer\meshoptimizer\clusterizer.cpp">
      <Filter>src\importer\meshoptimizer</Filter>
    </ClCompile>
    <ClCompile Include="src\importer\meshoptimizer\indexcodec.cpp">
      <Filter>src\importer\meshoptimizer</Filter>
    </ClCompile>
    <ClCompile Include="src\importer\meshoptimizer\indexgenerator.cpp">
      <Filter>src\importer\meshoptimizer</Filter>
    </ClCompile>
    <ClCompile Include="src\importer\meshoptimizer\overdrawanalyzer.cpp">
      <Filter>src\importer\meshoptimizer</Filter>
    </ClCompile>
    <ClCompile Include="src\importer\meshoptimizer\overdrawoptimizer.cpp">
      <Filter>src\importer\meshoptimizer</Filter>
    </ClCompile>
    <ClCompile Include="src\importer\meshoptimizer\simplifier.cpp">
      <Filter>src\importer\meshoptimizer</Filter>
    </ClCompile>
    <ClCompile Include="src\importer\meshoptimizer\spatialorder.cpp">
      <Filter>src\importer\meshoptimizer</Filter>
    </ClCompile>
    <ClCompile Include="src\importer\meshoptimizer\stripifier.cpp">
      <Filter>src\importer\meshoptimizer</Filter>
    </ClCompile>
    <ClCompile Include="src\importer\meshoptimizer\vcacheanalyzer.cpp">
      <Filter>src\importer\meshoptimizer</Filter>
    </ClCompile>
    <ClCompile Include="src\importer\meshoptimizer\vcacheoptimizer.cpp">
      <Filter>src\importer\meshoptimizer</Filter>
    </ClCompile>
    <ClCompile Include="src\importer\meshoptimizer\vertexcodec.cpp">
      <Filter>src\importer\meshoptimizer</Filter>
    </ClCompile>
    <ClCompile Include="src\importer\meshoptimizer\vertexfilter.cpp">
      <Filter>src\importer\meshoptimizer</Filter>
    </ClCompile>
    <ClCompile Include="src\importer\meshoptimizer\vfetchanalyzer.cpp">
      <Filter>src\importer\meshoptimizer</Filter>
    </ClCompile>
    <ClCompile Include="src\importer\meshoptimizer\vfetchoptimizer.cpp">
      <Filter>src\importer\meshoptimizer</Filter>
    </ClCompile>
    <ClCompile Include="src\importer\mikktspace.c">
      <Filter>src\importer</Filter>
    </ClCompile>
    <ClCompile Include="src\AnimationGraphWindow.cpp">
      <Filter>src</Filter>
    </ClCompile>
    <ClCompile Include="src\importer\MaterialImporter.cpp">
      <Filter>src\importer</Filter>
    </ClCompile>
  </ItemGroup>
</Project>